// !$*UTF8*$!
{
	archiveVersion = 1;
	classes = {
	};
	objectVersion = 50;
	objects = {

/* Begin PBXBuildFile section */
		88E796B92160A7D500151C07 /* AppDelegate.swift in Sources */ = {isa = PBXBuildFile; fileRef = 88E796B82160A7D500151C07 /* AppDelegate.swift */; };
		88E796BB2160A7D500151C07 /* ViewController.swift in Sources */ = {isa = PBXBuildFile; fileRef = 88E796BA2160A7D500151C07 /* ViewController.swift */; };
		88E796BE2160A7D500151C07 /* Main.storyboard in Resources */ = {isa = PBXBuildFile; fileRef = 88E796BC2160A7D500151C07 /* Main.storyboard */; };
		88E796C02160A7D700151C07 /* Assets.xcassets in Resources */ = {isa = PBXBuildFile; fileRef = 88E796BF2160A7D700151C07 /* Assets.xcassets */; };
		88E796C32160A7D700151C07 /* LaunchScreen.storyboard in Resources */ = {isa = PBXBuildFile; fileRef = 88E796C12160A7D700151C07 /* LaunchScreen.storyboard */; };
		88E796CE2160A7D700151C07 /* gitTestTests.swift in Sources */ = {isa = PBXBuildFile; fileRef = 88E796CD2160A7D700151C07 /* gitTestTests.swift */; };
		88E796D92160A7D700151C07 /* gitTestUITests.swift in Sources */ = {isa = PBXBuildFile; fileRef = 88E796D82160A7D700151C07 /* gitTestUITests.swift */; };
/* End PBXBuildFile section */

/* Begin PBXContainerItemProxy section */
		88E796CA2160A7D700151C07 /* PBXContainerItemProxy */ = {
			isa = PBXContainerItemProxy;
			containerPortal = 88E796AD2160A7D500151C07 /* Project object */;
			proxyType = 1;
			remoteGlobalIDString = 88E796B42160A7D500151C07;
			remoteInfo = gitTest;
		};
		88E796D52160A7D700151C07 /* PBXContainerItemProxy */ = {
			isa = PBXContainerItemProxy;
			containerPortal = 88E796AD2160A7D500151C07 /* Project object */;
			proxyType = 1;
			remoteGlobalIDString = 88E796B42160A7D500151C07;
			remoteInfo = gitTest;
		};
/* End PBXContainerItemProxy section */

/* Begin PBXFileReference section */
		88E796B52160A7D500151C07 /* gitTest.app */ = {isa = PBXFileReference; explicitFileType = wrapper.application; includeInIndex = 0; path = gitTest.app; sourceTree = BUILT_PRODUCTS_DIR; };
		88E796B82160A7D500151C07 /* AppDelegate.swift */ = {isa = PBXFileReference; lastKnownFileType = sourcecode.swift; path = AppDelegate.swift; sourceTree = "<group>"; };
		88E796BA2160A7D500151C07 /* ViewController.swift */ = {isa = PBXFileReference; lastKnownFileType = sourcecode.swift; path = ViewController.swift; sourceTree = "<group>"; };
		88E796BD2160A7D500151C07 /* Base */ = {isa = PBXFileReference; lastKnownFileType = file.storyboard; name = Base; path = Base.lproj/Main.storyboard; sourceTree = "<group>"; };
		88E796BF2160A7D700151C07 /* Assets.xcassets */ = {isa = PBXFileReference; lastKnownFileType = folder.assetcatalog; path = Assets.xcassets; sourceTree = "<group>"; };
		88E796C22160A7D700151C07 /* Base */ = {isa = PBXFileReference; lastKnownFileType = file.storyboard; name = Base; path = Base.lproj/LaunchScreen.storyboard; sourceTree = "<group>"; };
		88E796C42160A7D700151C07 /* Info.plist */ = {isa = PBXFileReference; lastKnownFileType = text.plist.xml; path = Info.plist; sourceTree = "<group>"; };
		88E796C92160A7D700151C07 /* gitTestTests.xctest */ = {isa = PBXFileReference; explicitFileType = wrapper.cfbundle; includeInIndex = 0; path = gitTestTests.xctest; sourceTree = BUILT_PRODUCTS_DIR; };
		88E796CD2160A7D700151C07 /* gitTestTests.swift */ = {isa = PBXFileReference; lastKnownFileType = sourcecode.swift; path = gitTestTests.swift; sourceTree = "<group>"; };
		88E796CF2160A7D700151C07 /* Info.plist */ = {isa = PBXFileReference; lastKnownFileType = text.plist.xml; path = Info.plist; sourceTree = "<group>"; };
		88E796D42160A7D700151C07 /* gitTestUITests.xctest */ = {isa = PBXFileReference; explicitFileType = wrapper.cfbundle; includeInIndex = 0; path = gitTestUITests.xctest; sourceTree = BUILT_PRODUCTS_DIR; };
		88E796D82160A7D700151C07 /* gitTestUITests.swift */ = {isa = PBXFileReference; lastKnownFileType = sourcecode.swift; path = gitTestUITests.swift; sourceTree = "<group>"; };
		88E796DA2160A7D700151C07 /* Info.plist */ = {isa = PBXFileReference; lastKnownFileType = text.plist.xml; path = Info.plist; sourceTree = "<group>"; };
/* End PBXFileReference section */

/* Begin PBXFrameworksBuildPhase section */
		88E796B22160A7D500151C07 /* Frameworks */ = {
			isa = PBXFrameworksBuildPhase;
			buildActionMask = 2147483647;
			files = (
			);
			runOnlyForDeploymentPostprocessing = 0;
		};
		88E796C62160A7D700151C07 /* Frameworks */ = {
			isa = PBXFrameworksBuildPhase;
			buildActionMask = 2147483647;
			files = (
			);
			runOnlyForDeploymentPostprocessing = 0;
		};
		88E796D12160A7D700151C07 /* Frameworks */ = {
			isa = PBXFrameworksBuildPhase;
			buildActionMask = 2147483647;
			files = (
			);
			runOnlyForDeploymentPostprocessing = 0;
		};
/* End PBXFrameworksBuildPhase section */

/* Begin PBXGroup section */
		88E796AC2160A7D500151C07 = {
			isa = PBXGroup;
			children = (
				88E796B72160A7D500151C07 /* gitTest */,
				88E796CC2160A7D700151C07 /* gitTestTests */,
				88E796D72160A7D700151C07 /* gitTestUITests */,
				88E796B62160A7D500151C07 /* Products */,
			);
			sourceTree = "<group>";
		};
		88E796B62160A7D500151C07 /* Products */ = {
			isa = PBXGroup;
			children = (
				88E796B52160A7D500151C07 /* gitTest.app */,
				88E796C92160A7D700151C07 /* gitTestTests.xctest */,
				88E796D42160A7D700151C07 /* gitTestUITests.xctest */,
			);
			name = Products;
			sourceTree = "<group>";
		};
		88E796B72160A7D500151C07 /* gitTest */ = {
			isa = PBXGroup;
			children = (
				88E796B82160A7D500151C07 /* AppDelegate.swift */,
				88E796BA2160A7D500151C07 /* ViewController.swift */,
				88E796BC2160A7D500151C07 /* Main.storyboard */,
				88E796BF2160A7D700151C07 /* Assets.xcassets */,
				88E796C12160A7D700151C07 /* LaunchScreen.storyboard */,
				88E796C42160A7D700151C07 /* Info.plist */,
			);
			path = gitTest;
			sourceTree = "<group>";
		};
		88E796CC2160A7D700151C07 /* gitTestTests */ = {
			isa = PBXGroup;
			children = (
				88E796CD2160A7D700151C07 /* gitTestTests.swift */,
				88E796CF2160A7D700151C07 /* Info.plist */,
			);
			path = gitTestTests;
			sourceTree = "<group>";
		};
		88E796D72160A7D700151C07 /* gitTestUITests */ = {
			isa = PBXGroup;
			children = (
				88E796D82160A7D700151C07 /* gitTestUITests.swift */,
				88E796DA2160A7D700151C07 /* Info.plist */,
			);
			path = gitTestUITests;
			sourceTree = "<group>";
		};
/* End PBXGroup section */

/* Begin PBXNativeTarget section */
		88E796B42160A7D500151C07 /* gitTest */ = {
			isa = PBXNativeTarget;
			buildConfigurationList = 88E796DD2160A7D700151C07 /* Build configuration list for PBXNativeTarget "gitTest" */;
			buildPhases = (
				88E796B12160A7D500151C07 /* Sources */,
				88E796B22160A7D500151C07 /* Frameworks */,
				88E796B32160A7D500151C07 /* Resources */,
			);
			buildRules = (
			);
			dependencies = (
			);
			name = gitTest;
			productName = gitTest;
			productReference = 88E796B52160A7D500151C07 /* gitTest.app */;
			productType = "com.apple.product-type.application";
		};
		88E796C82160A7D700151C07 /* gitTestTests */ = {
			isa = PBXNativeTarget;
			buildConfigurationList = 88E796E02160A7D700151C07 /* Build configuration list for PBXNativeTarget "gitTestTests" */;
			buildPhases = (
				88E796C52160A7D700151C07 /* Sources */,
				88E796C62160A7D700151C07 /* Frameworks */,
				88E796C72160A7D700151C07 /* Resources */,
			);
			buildRules = (
			);
			dependencies = (
				88E796CB2160A7D700151C07 /* PBXTargetDependency */,
			);
			name = gitTestTests;
			productName = gitTestTests;
			productReference = 88E796C92160A7D700151C07 /* gitTestTests.xctest */;
			productType = "com.apple.product-type.bundle.unit-test";
		};
		88E796D32160A7D700151C07 /* gitTestUITests */ = {
			isa = PBXNativeTarget;
			buildConfigurationList = 88E796E32160A7D700151C07 /* Build configuration list for PBXNativeTarget "gitTestUITests" */;
			buildPhases = (
				88E796D02160A7D700151C07 /* Sources */,
				88E796D12160A7D700151C07 /* Frameworks */,
				88E796D22160A7D700151C07 /* Resources */,
			);
			buildRules = (
			);
			dependencies = (
				88E796D62160A7D700151C07 /* PBXTargetDependency */,
			);
			name = gitTestUITests;
			productName = gitTestUITests;
			productReference = 88E796D42160A7D700151C07 /* gitTestUITests.xctest */;
			productType = "com.apple.product-type.bundle.ui-testing";
		};
/* End PBXNativeTarget section */

/* Begin PBXProject section */
		88E796AD2160A7D500151C07 /* Project object */ = {
			isa = PBXProject;
			attributes = {
				LastSwiftUpdateCheck = 1000;
				LastUpgradeCheck = 1000;
				ORGANIZATIONNAME = "Rinoy Francis";
				TargetAttributes = {
					88E796B42160A7D500151C07 = {
						CreatedOnToolsVersion = 10.0;
					};
					88E796C82160A7D700151C07 = {
						CreatedOnToolsVersion = 10.0;
						TestTargetID = 88E796B42160A7D500151C07;
					};
					88E796D32160A7D700151C07 = {
						CreatedOnToolsVersion = 10.0;
						TestTargetID = 88E796B42160A7D500151C07;
					};
				};
			};
			buildConfigurationList = 88E796B02160A7D500151C07 /* Build configuration list for PBXProject "gitTest" */;
			compatibilityVersion = "Xcode 9.3";
			developmentRegion = en;
			hasScannedForEncodings = 0;
			knownRegions = (
				en,
				Base,
			);
			mainGroup = 88E796AC2160A7D500151C07;
			productRefGroup = 88E796B62160A7D500151C07 /* Products */;
			projectDirPath = "";
			projectRoot = "";
			targets = (
				88E796B42160A7D500151C07 /* gitTest */,
				88E796C82160A7D700151C07 /* gitTestTests */,
				88E796D32160A7D700151C07 /* gitTestUITests */,
			);
		};
/* End PBXProject section */

/* Begin PBXResourcesBuildPhase section */
		88E796B32160A7D500151C07 /* Resources */ = {
			isa = PBXResourcesBuildPhase;
			buildActionMask = 2147483647;
			files = (
				88E796C32160A7D700151C07 /* LaunchScreen.storyboard in Resources */,
				88E796C02160A7D700151C07 /* Assets.xcassets in Resources */,
				88E796BE2160A7D500151C07 /* Main.storyboard in Resources */,
			);
			runOnlyForDeploymentPostprocessing = 0;
		};
		88E796C72160A7D700151C07 /* Resources */ = {
			isa = PBXResourcesBuildPhase;
			buildActionMask = 2147483647;
			files = (
			);
			runOnlyForDeploymentPostprocessing = 0;
		};
		88E796D22160A7D700151C07 /* Resources */ = {
			isa = PBXResourcesBuildPhase;
			buildActionMask = 2147483647;
			files = (
			);
			runOnlyForDeploymentPostprocessing = 0;
		};
/* End PBXResourcesBuildPhase section */

/* Begin PBXSourcesBuildPhase section */
		88E796B12160A7D500151C07 /* Sources */ = {
			isa = PBXSourcesBuildPhase;
			buildActionMask = 2147483647;
			files = (
				88E796BB2160A7D500151C07 /* ViewController.swift in Sources */,
				88E796B92160A7D500151C07 /* AppDelegate.swift in Sources */,
			);
			runOnlyForDeploymentPostprocessing = 0;
		};
		88E796C52160A7D700151C07 /* Sources */ = {
			isa = PBXSourcesBuildPhase;
			buildActionMask = 2147483647;
			files = (
				88E796CE2160A7D700151C07 /* gitTestTests.swift in Sources */,
			);
			runOnlyForDeploymentPostprocessing = 0;
		};
		88E796D02160A7D700151C07 /* Sources */ = {
			isa = PBXSourcesBuildPhase;
			buildActionMask = 2147483647;
			files = (
				88E796D92160A7D700151C07 /* gitTestUITests.swift in Sources */,
			);
			runOnlyForDeploymentPostprocessing = 0;
		};
/* End PBXSourcesBuildPhase section */

/* Begin PBXTargetDependency section */
		88E796CB2160A7D700151C07 /* PBXTargetDependency */ = {
			isa = PBXTargetDependency;
			target = 88E796B42160A7D500151C07 /* gitTest */;
			targetProxy = 88E796CA2160A7D700151C07 /* PBXContainerItemProxy */;
		};
		88E796D62160A7D700151C07 /* PBXTargetDependency */ = {
			isa = PBXTargetDependency;
			target = 88E796B42160A7D500151C07 /* gitTest */;
			targetProxy = 88E796D52160A7D700151C07 /* PBXContainerItemProxy */;
		};
/* End PBXTargetDependency section */

/* Begin PBXVariantGroup section */
		88E796BC2160A7D500151C07 /* Main.storyboard */ = {
			isa = PBXVariantGroup;
			children = (
				88E796BD2160A7D500151C07 /* Base */,
			);
			name = Main.storyboard;
			sourceTree = "<group>";
		};
		88E796C12160A7D700151C07 /* LaunchScreen.storyboard */ = {
			isa = PBXVariantGroup;
			children = (
				88E796C22160A7D700151C07 /* Base */,
			);
			name = LaunchScreen.storyboard;
			sourceTree = "<group>";
		};
/* End PBXVariantGroup section */

/* Begin XCBuildConfiguration section */
		88E796DB2160A7D700151C07 /* Debug */ = {
			isa = XCBuildConfiguration;
			buildSettings = {
				ALWAYS_SEARCH_USER_PATHS = NO;
				CLANG_ANALYZER_NONNULL = YES;
				CLANG_ANALYZER_NUMBER_OBJECT_CONVERSION = YES_AGGRESSIVE;
				CLANG_CXX_LANGUAGE_STANDARD = "gnu++14";
				CLANG_CXX_LIBRARY = "libc++";
				CLANG_ENABLE_MODULES = YES;
				CLANG_ENABLE_OBJC_ARC = YES;
				CLANG_ENABLE_OBJC_WEAK = YES;
				CLANG_WARN_BLOCK_CAPTURE_AUTORELEASING = YES;
				CLANG_WARN_BOOL_CONVERSION = YES;
				CLANG_WARN_COMMA = YES;
				CLANG_WARN_CONSTANT_CONVERSION = YES;
				CLANG_WARN_DEPRECATED_OBJC_IMPLEMENTATIONS = YES;
				CLANG_WARN_DIRECT_OBJC_ISA_USAGE = YES_ERROR;
				CLANG_WARN_DOCUMENTATION_COMMENTS = YES;
				CLANG_WARN_EMPTY_BODY = YES;
				CLANG_WARN_ENUM_CONVERSION = YES;
				CLANG_WARN_INFINITE_RECURSION = YES;
				CLANG_WARN_INT_CONVERSION = YES;
				CLANG_WARN_NON_LITERAL_NULL_CONVERSION = YES;
				CLANG_WARN_OBJC_IMPLICIT_RETAIN_SELF = YES;
				CLANG_WARN_OBJC_LITERAL_CONVERSION = YES;
				CLANG_WARN_OBJC_ROOT_CLASS = YES_ERROR;
				CLANG_WARN_RANGE_LOOP_ANALYSIS = YES;
				CLANG_WARN_STRICT_PROTOTYPES = YES;
				CLANG_WARN_SUSPICIOUS_MOVE = YES;
				CLANG_WARN_UNGUARDED_AVAILABILITY = YES_AGGRESSIVE;
				CLANG_WARN_UNREACHABLE_CODE = YES;
				CLANG_WARN__DUPLICATE_METHOD_MATCH = YES;
				CODE_SIGN_IDENTITY = "iPhone Developer";
				COPY_PHASE_STRIP = NO;
				DEBUG_INFORMATION_FORMAT = dwarf;
				ENABLE_STRICT_OBJC_MSGSEND = YES;
				ENABLE_TESTABILITY = YES;
				GCC_C_LANGUAGE_STANDARD = gnu11;
				GCC_DYNAMIC_NO_PIC = NO;
				GCC_NO_COMMON_BLOCKS = YES;
				GCC_OPTIMIZATION_LEVEL = 0;
				GCC_PREPROCESSOR_DEFINITIONS = (
					"DEBUG=1",
					"$(inherited)",
				);
				GCC_WARN_64_TO_32_BIT_CONVERSION = YES;
				GCC_WARN_ABOUT_RETURN_TYPE = YES_ERROR;
				GCC_WARN_UNDECLARED_SELECTOR = YES;
				GCC_WARN_UNINITIALIZED_AUTOS = YES_AGGRESSIVE;
				GCC_WARN_UNUSED_FUNCTION = YES;
				GCC_WARN_UNUSED_VARIABLE = YES;
				IPHONEOS_DEPLOYMENT_TARGET = 12.0;
				MTL_ENABLE_DEBUG_INFO = INCLUDE_SOURCE;
				MTL_FAST_MATH = YES;
				ONLY_ACTIVE_ARCH = YES;
				SDKROOT = iphoneos;
				SWIFT_ACTIVE_COMPILATION_CONDITIONS = DEBUG;
				SWIFT_OPTIMIZATION_LEVEL = "-Onone";
			};
			name = Debug;
		};
		88E796DC2160A7D700151C07 /* Release */ = {
			isa = XCBuildConfiguration;
			buildSettings = {
				ALWAYS_SEARCH_USER_PATHS = NO;
				CLANG_ANALYZER_NONNULL = YES;
				CLANG_ANALYZER_NUMBER_OBJECT_CONVERSION = YES_AGGRESSIVE;
				CLANG_CXX_LANGUAGE_STANDARD = "gnu++14";
				CLANG_CXX_LIBRARY = "libc++";
				CLANG_ENABLE_MODULES = YES;
				CLANG_ENABLE_OBJC_ARC = YES;
				CLANG_ENABLE_OBJC_WEAK = YES;
				CLANG_WARN_BLOCK_CAPTURE_AUTORELEASING = YES;
				CLANG_WARN_BOOL_CONVERSION = YES;
				CLANG_WARN_COMMA = YES;
				CLANG_WARN_CONSTANT_CONVERSION = YES;
				CLANG_WARN_DEPRECATED_OBJC_IMPLEMENTATIONS = YES;
				CLANG_WARN_DIRECT_OBJC_ISA_USAGE = YES_ERROR;
				CLANG_WARN_DOCUMENTATION_COMMENTS = YES;
				CLANG_WARN_EMPTY_BODY = YES;
				CLANG_WARN_ENUM_CONVERSION = YES;
				CLANG_WARN_INFINITE_RECURSION = YES;
				CLANG_WARN_INT_CONVERSION = YES;
				CLANG_WARN_NON_LITERAL_NULL_CONVERSION = YES;
				CLANG_WARN_OBJC_IMPLICIT_RETAIN_SELF = YES;
				CLANG_WARN_OBJC_LITERAL_CONVERSION = YES;
				CLANG_WARN_OBJC_ROOT_CLASS = YES_ERROR;
				CLANG_WARN_RANGE_LOOP_ANALYSIS = YES;
				CLANG_WARN_STRICT_PROTOTYPES = YES;
				CLANG_WARN_SUSPICIOUS_MOVE = YES;
				CLANG_WARN_UNGUARDED_AVAILABILITY = YES_AGGRESSIVE;
				CLANG_WARN_UNREACHABLE_CODE = YES;
				CLANG_WARN__DUPLICATE_METHOD_MATCH = YES;
				CODE_SIGN_IDENTITY = "iPhone Developer";
				COPY_PHASE_STRIP = NO;
				DEBUG_INFORMATION_FORMAT = "dwarf-with-dsym";
				ENABLE_NS_ASSERTIONS = NO;
				ENABLE_STRICT_OBJC_MSGSEND = YES;
				GCC_C_LANGUAGE_STANDARD = gnu11;
				GCC_NO_COMMON_BLOCKS = YES;
				GCC_WARN_64_TO_32_BIT_CONVERSION = YES;
				GCC_WARN_ABOUT_RETURN_TYPE = YES_ERROR;
				GCC_WARN_UNDECLARED_SELECTOR = YES;
				GCC_WARN_UNINITIALIZED_AUTOS = YES_AGGRESSIVE;
				GCC_WARN_UNUSED_FUNCTION = YES;
				GCC_WARN_UNUSED_VARIABLE = YES;
				IPHONEOS_DEPLOYMENT_TARGET = 12.0;
				MTL_ENABLE_DEBUG_INFO = NO;
				MTL_FAST_MATH = YES;
				SDKROOT = iphoneos;
				SWIFT_COMPILATION_MODE = wholemodule;
				SWIFT_OPTIMIZATION_LEVEL = "-O";
				VALIDATE_PRODUCT = YES;
			};
			name = Release;
		};
		88E796DE2160A7D700151C07 /* Debug */ = {
			isa = XCBuildConfiguration;
			buildSettings = {
				ASSETCATALOG_COMPILER_APPICON_NAME = AppIcon;
				CODE_SIGN_STYLE = Automatic;
				DEVELOPMENT_TEAM = DQ5X2GW5HL;
				INFOPLIST_FILE = gitTest/Info.plist;
				IPHONEOS_DEPLOYMENT_TARGET = 10.3;
				LD_RUNPATH_SEARCH_PATHS = (
					"$(inherited)",
					"@executable_path/Frameworks",
				);
				PRODUCT_BUNDLE_IDENTIFIER = RinoyFrancis.gitTest;
				PRODUCT_NAME = "$(TARGET_NAME)";
				SWIFT_VERSION = 4.2;
				TARGETED_DEVICE_FAMILY = 1;
			};
			name = Debug;
		};
		88E796DF2160A7D700151C07 /* Release */ = {
			isa = XCBuildConfiguration;
			buildSettings = {
				ASSETCATALOG_COMPILER_APPICON_NAME = AppIcon;
				CODE_SIGN_STYLE = Automatic;
				DEVELOPMENT_TEAM = DQ5X2GW5HL;
				INFOPLIST_FILE = gitTest/Info.plist;
				IPHONEOS_DEPLOYMENT_TARGET = 10.3;
				LD_RUNPATH_SEARCH_PATHS = (
					"$(inherited)",
					"@executable_path/Frameworks",
				);
				PRODUCT_BUNDLE_IDENTIFIER = RinoyFrancis.gitTest;
				PRODUCT_NAME = "$(TARGET_NAME)";
				SWIFT_VERSION = 4.2;
				TARGETED_DEVICE_FAMILY = 1;
			};
			name = Release;
		};
		88E796E12160A7D700151C07 /* Debug */ = {
			isa = XCBuildConfiguration;
			buildSettings = {
				ALWAYS_EMBED_SWIFT_STANDARD_LIBRARIES = YES;
				BUNDLE_LOADER = "$(TEST_HOST)";
				CODE_SIGN_STYLE = Automatic;
				DEVELOPMENT_TEAM = DQ5X2GW5HL;
				INFOPLIST_FILE = gitTestTests/Info.plist;
				LD_RUNPATH_SEARCH_PATHS = (
					"$(inherited)",
					"@executable_path/Frameworks",
					"@loader_path/Frameworks",
				);
				PRODUCT_BUNDLE_IDENTIFIER = RinoyFrancis.gitTestTests;
				PRODUCT_NAME = "$(TARGET_NAME)";
				SWIFT_VERSION = 4.2;
				TARGETED_DEVICE_FAMILY = "1,2";
				TEST_HOST = "$(BUILT_PRODUCTS_DIR)/gitTest.app/gitTest";
			};
			name = Debug;
		};
		88E796E22160A7D700151C07 /* Release */ = {
			isa = XCBuildConfiguration;
			buildSettings = {
				ALWAYS_EMBED_SWIFT_STANDARD_LIBRARIES = YES;
				BUNDLE_LOADER = "$(TEST_HOST)";
				CODE_SIGN_STYLE = Automatic;
				DEVELOPMENT_TEAM = DQ5X2GW5HL;
				INFOPLIST_FILE = gitTestTests/Info.plist;
				LD_RUNPATH_SEARCH_PATHS = (
					"$(inherited)",
					"@executable_path/Frameworks",
					"@loader_path/Frameworks",
				);
				PRODUCT_BUNDLE_IDENTIFIER = RinoyFrancis.gitTestTests;
				PRODUCT_NAME = "$(TARGET_NAME)";
				SWIFT_VERSION = 4.2;
				TARGETED_DEVICE_FAMILY = "1,2";
				TEST_HOST = "$(BUILT_PRODUCTS_DIR)/gitTest.app/gitTest";
			};
			name = Release;
		};
		88E796E42160A7D700151C07 /* Debug */ = {
			isa = XCBuildConfiguration;
			buildSettings = {
				ALWAYS_EMBED_SWIFT_STANDARD_LIBRARIES = YES;
				CODE_SIGN_STYLE = Automatic;
				DEVELOPMENT_TEAM = DQ5X2GW5HL;
				INFOPLIST_FILE = gitTestUITests/Info.plist;
				LD_RUNPATH_SEARCH_PATHS = (
					"$(inherited)",
					"@executable_path/Frameworks",
					"@loader_path/Frameworks",
				);
				PRODUCT_BUNDLE_IDENTIFIER = RinoyFrancis.gitTestUITests;
				PRODUCT_NAME = "$(TARGET_NAME)";
				SWIFT_VERSION = 4.2;
				TARGETED_DEVICE_FAMILY = "1,2";
				TEST_TARGET_NAME = gitTest;
			};
			name = Debug;
		};
		88E796E52160A7D700151C07 /* Release */ = {
			isa = XCBuildConfiguration;
			buildSettings = {
				ALWAYS_EMBED_SWIFT_STANDARD_LIBRARIES = YES;
				CODE_SIGN_STYLE = Automatic;
				DEVELOPMENT_TEAM = DQ5X2GW5HL;
				INFOPLIST_FILE = gitTestUITests/Info.plist;
				LD_RUNPATH_SEARCH_PATHS = (
					"$(inherited)",
					"@executable_path/Frameworks",
					"@loader_path/Frameworks",
				);
				PRODUCT_BUNDLE_IDENTIFIER = RinoyFrancis.gitTestUITests;
				PRODUCT_NAME = "$(TARGET_NAME)";
				SWIFT_VERSION = 4.2;
				TARGETED_DEVICE_FAMILY = "1,2";
				TEST_TARGET_NAME = gitTest;
			};
			name = Release;
		};
/* End XCBuildConfiguration section */

/* Begin XCConfigurationList section */
		88E796B02160A7D500151C07 /* Build configuration list for PBXProject "gitTest" */ = {
			isa = XCConfigurationList;
			buildConfigurations = (
				88E796DB2160A7D700151C07 /* Debug */,
				88E796DC2160A7D700151C07 /* Release */,
			);
			defaultConfigurationIsVisible = 0;
			defaultConfigurationName = Release;
		};
		88E796DD2160A7D700151C07 /* Build configuration list for PBXNativeTarget "gitTest" */ = {
			isa = XCConfigurationList;
			buildConfigurations = (
				88E796DE2160A7D700151C07 /* Debug */,
				88E796DF2160A7D700151C07 /* Release */,
			);
			defaultConfigurationIsVisible = 0;
			defaultConfigurationName = Release;
		};
		88E796E02160A7D700151C07 /* Build configuration list for PBXNativeTarget "gitTestTests" */ = {
			isa = XCConfigurationList;
			buildConfigurations = (
				88E796E12160A7D700151C07 /* Debug */,
				88E796E22160A7D700151C07 /* Release */,
			);
			defaultConfigurationIsVisible = 0;
			defaultConfigurationName = Release;
		};
		88E796E32160A7D700151C07 /* Build configuration list for PBXNativeTarget "gitTestUITests" */ = {
			isa = XCConfigurationList;
			buildConfigurations = (
				88E796E42160A7D700151C07 /* Debug */,
				88E796E52160A7D700151C07 /* Release */,
			);
			defaultConfigurationIsVisible = 0;
			defaultConfigurationName = Release;
		};
/* End XCConfigurationList section */
	};
	rootObject = 88E796AD2160A7D500151C07 /* Project object */;
}
